// !$*UTF8*$!
{
	archiveVersion = 1;
	classes = {
	};
	objectVersion = 51;
	objects = {

/* Begin PBXBuildFile section */
		C0B4B56C253164AD00504970 /* AppDelegate.swift in Sources */ = {isa = PBXBuildFile; fileRef = C0B4B56B253164AD00504970 /* AppDelegate.swift */; };
		C0B4B56E253164AD00504970 /* SceneDelegate.swift in Sources */ = {isa = PBXBuildFile; fileRef = C0B4B56D253164AD00504970 /* SceneDelegate.swift */; };
		C0B4B570253164AD00504970 /* SigninViewController.swift in Sources */ = {isa = PBXBuildFile; fileRef = C0B4B56F253164AD00504970 /* SigninViewController.swift */; };
		C0B4B573253164AD00504970 /* Main.storyboard in Resources */ = {isa = PBXBuildFile; fileRef = C0B4B571253164AD00504970 /* Main.storyboard */; };
		C0B4B575253164B400504970 /* Assets.xcassets in Resources */ = {isa = PBXBuildFile; fileRef = C0B4B574253164B400504970 /* Assets.xcassets */; };
		C0B4B578253164B400504970 /* LaunchScreen.storyboard in Resources */ = {isa = PBXBuildFile; fileRef = C0B4B576253164B400504970 /* LaunchScreen.storyboard */; };
		C0F90AFE2531A86F00951B05 /* SignupViewController.swift in Sources */ = {isa = PBXBuildFile; fileRef = C0F90AFD2531A86F00951B05 /* SignupViewController.swift */; };
		C0F90B012531A9CB00951B05 /* FlightInformation.swift in Sources */ = {isa = PBXBuildFile; fileRef = C0F90B002531A9CB00951B05 /* FlightInformation.swift */; };
		C0F90B032531AA8B00951B05 /* ProfileViewController.swift in Sources */ = {isa = PBXBuildFile; fileRef = C0F90B022531AA8B00951B05 /* ProfileViewController.swift */; };
		C0F90B052531AABC00951B05 /* InterestViewController.swift in Sources */ = {isa = PBXBuildFile; fileRef = C0F90B042531AABC00951B05 /* InterestViewController.swift */; };
		C0F90B072531AD2200951B05 /* HomeViewController.swift in Sources */ = {isa = PBXBuildFile; fileRef = C0F90B062531AD2200951B05 /* HomeViewController.swift */; };
		C0F90B092531AD5400951B05 /* MessagingViewController.swift in Sources */ = {isa = PBXBuildFile; fileRef = C0F90B082531AD5400951B05 /* MessagingViewController.swift */; };
		C0F90B0B2531AD7A00951B05 /* UserViewController.swift in Sources */ = {isa = PBXBuildFile; fileRef = C0F90B0A2531AD7A00951B05 /* UserViewController.swift */; };
		C0F90B0E2531CEE900951B05 /* Parser.swift in Sources */ = {isa = PBXBuildFile; fileRef = C0F90B0D2531CEE900951B05 /* Parser.swift */; };
		C0F90B102531D2CD00951B05 /* Userfile.swift in Sources */ = {isa = PBXBuildFile; fileRef = C0F90B0F2531D2CD00951B05 /* Userfile.swift */; };
		C0F90B152531E23300951B05 /* InterestCell.swift in Sources */ = {isa = PBXBuildFile; fileRef = C0F90B142531E23300951B05 /* InterestCell.swift */; };
		C0F90B1725320A7B00951B05 /* UserCell.swift in Sources */ = {isa = PBXBuildFile; fileRef = C0F90B1625320A7B00951B05 /* UserCell.swift */; };
		DD126A7BF792A787BF40D62D /* Pods_Flight_Connect.framework in Frameworks */ = {isa = PBXBuildFile; fileRef = 433B7DF3B9C491C24B247399 /* Pods_Flight_Connect.framework */; };
/* End PBXBuildFile section */

/* Begin PBXFileReference section */
		2A729700C3CB5827C2A8A8F8 /* Pods-Flight Connect.release.xcconfig */ = {isa = PBXFileReference; includeInIndex = 1; lastKnownFileType = text.xcconfig; name = "Pods-Flight Connect.release.xcconfig"; path = "Target Support Files/Pods-Flight Connect/Pods-Flight Connect.release.xcconfig"; sourceTree = "<group>"; };
		433B7DF3B9C491C24B247399 /* Pods_Flight_Connect.framework */ = {isa = PBXFileReference; explicitFileType = wrapper.framework; includeInIndex = 0; path = Pods_Flight_Connect.framework; sourceTree = BUILT_PRODUCTS_DIR; };
		C0B4B568253164AD00504970 /* Flight Connect.app */ = {isa = PBXFileReference; explicitFileType = wrapper.application; includeInIndex = 0; path = "Flight Connect.app"; sourceTree = BUILT_PRODUCTS_DIR; };
		C0B4B56B253164AD00504970 /* AppDelegate.swift */ = {isa = PBXFileReference; lastKnownFileType = sourcecode.swift; path = AppDelegate.swift; sourceTree = "<group>"; };
		C0B4B56D253164AD00504970 /* SceneDelegate.swift */ = {isa = PBXFileReference; lastKnownFileType = sourcecode.swift; path = SceneDelegate.swift; sourceTree = "<group>"; };
		C0B4B56F253164AD00504970 /* SigninViewController.swift */ = {isa = PBXFileReference; lastKnownFileType = sourcecode.swift; path = SigninViewController.swift; sourceTree = "<group>"; };
		C0B4B572253164AD00504970 /* Base */ = {isa = PBXFileReference; lastKnownFileType = file.storyboard; name = Base; path = Base.lproj/Main.storyboard; sourceTree = "<group>"; };
		C0B4B574253164B400504970 /* Assets.xcassets */ = {isa = PBXFileReference; lastKnownFileType = folder.assetcatalog; path = Assets.xcassets; sourceTree = "<group>"; };
		C0B4B577253164B400504970 /* Base */ = {isa = PBXFileReference; lastKnownFileType = file.storyboard; name = Base; path = Base.lproj/LaunchScreen.storyboard; sourceTree = "<group>"; };
		C0B4B579253164B400504970 /* Info.plist */ = {isa = PBXFileReference; lastKnownFileType = text.plist.xml; path = Info.plist; sourceTree = "<group>"; };
		C0F90AFD2531A86F00951B05 /* SignupViewController.swift */ = {isa = PBXFileReference; lastKnownFileType = sourcecode.swift; path = SignupViewController.swift; sourceTree = "<group>"; };
		C0F90B002531A9CB00951B05 /* FlightInformation.swift */ = {isa = PBXFileReference; lastKnownFileType = sourcecode.swift; path = FlightInformation.swift; sourceTree = "<group>"; };
		C0F90B022531AA8B00951B05 /* ProfileViewController.swift */ = {isa = PBXFileReference; lastKnownFileType = sourcecode.swift; path = ProfileViewController.swift; sourceTree = "<group>"; };
		C0F90B042531AABC00951B05 /* InterestViewController.swift */ = {isa = PBXFileReference; lastKnownFileType = sourcecode.swift; path = InterestViewController.swift; sourceTree = "<group>"; };
		C0F90B062531AD2200951B05 /* HomeViewController.swift */ = {isa = PBXFileReference; lastKnownFileType = sourcecode.swift; path = HomeViewController.swift; sourceTree = "<group>"; };
		C0F90B082531AD5400951B05 /* MessagingViewController.swift */ = {isa = PBXFileReference; lastKnownFileType = sourcecode.swift; path = MessagingViewController.swift; sourceTree = "<group>"; };
		C0F90B0A2531AD7A00951B05 /* UserViewController.swift */ = {isa = PBXFileReference; lastKnownFileType = sourcecode.swift; path = UserViewController.swift; sourceTree = "<group>"; };
		C0F90B0D2531CEE900951B05 /* Parser.swift */ = {isa = PBXFileReference; lastKnownFileType = sourcecode.swift; path = Parser.swift; sourceTree = "<group>"; };
		C0F90B0F2531D2CD00951B05 /* Userfile.swift */ = {isa = PBXFileReference; lastKnownFileType = sourcecode.swift; path = Userfile.swift; sourceTree = "<group>"; };
		C0F90B142531E23300951B05 /* InterestCell.swift */ = {isa = PBXFileReference; lastKnownFileType = sourcecode.swift; path = InterestCell.swift; sourceTree = "<group>"; };
		C0F90B1625320A7B00951B05 /* UserCell.swift */ = {isa = PBXFileReference; lastKnownFileType = sourcecode.swift; path = UserCell.swift; sourceTree = "<group>"; };
		C484CDBB72A984C35B7BF8EE /* Pods-Flight Connect.debug.xcconfig */ = {isa = PBXFileReference; includeInIndex = 1; lastKnownFileType = text.xcconfig; name = "Pods-Flight Connect.debug.xcconfig"; path = "Target Support Files/Pods-Flight Connect/Pods-Flight Connect.debug.xcconfig"; sourceTree = "<group>"; };
/* End PBXFileReference section */

/* Begin PBXFrameworksBuildPhase section */
		C0B4B565253164AD00504970 /* Frameworks */ = {
			isa = PBXFrameworksBuildPhase;
			buildActionMask = 2147483647;
			files = (
				DD126A7BF792A787BF40D62D /* Pods_Flight_Connect.framework in Frameworks */,
			);
			runOnlyForDeploymentPostprocessing = 0;
		};
/* End PBXFrameworksBuildPhase section */

/* Begin PBXGroup section */
		18B4E04511CE1AFA90F18584 /* Frameworks */ = {
			isa = PBXGroup;
			children = (
				433B7DF3B9C491C24B247399 /* Pods_Flight_Connect.framework */,
			);
			name = Frameworks;
			sourceTree = "<group>";
		};
		2B0FD9B703208C12A8A60305 /* Pods */ = {
			isa = PBXGroup;
			children = (
				C484CDBB72A984C35B7BF8EE /* Pods-Flight Connect.debug.xcconfig */,
				2A729700C3CB5827C2A8A8F8 /* Pods-Flight Connect.release.xcconfig */,
			);
			path = Pods;
			sourceTree = "<group>";
		};
		C0B4B55F253164AD00504970 = {
			isa = PBXGroup;
			children = (
				C0B4B56A253164AD00504970 /* Flight Connect */,
				C0B4B569253164AD00504970 /* Products */,
				2B0FD9B703208C12A8A60305 /* Pods */,
				18B4E04511CE1AFA90F18584 /* Frameworks */,
			);
			sourceTree = "<group>";
		};
		C0B4B569253164AD00504970 /* Products */ = {
			isa = PBXGroup;
			children = (
				C0B4B568253164AD00504970 /* Flight Connect.app */,
			);
			name = Products;
			sourceTree = "<group>";
		};
		C0B4B56A253164AD00504970 /* Flight Connect */ = {
			isa = PBXGroup;
			children = (
				C0B4B56B253164AD00504970 /* AppDelegate.swift */,
				C0B4B56D253164AD00504970 /* SceneDelegate.swift */,
				C0B4B571253164AD00504970 /* Main.storyboard */,
				C0F90AFF2531A89C00951B05 /* Authenthicate */,
				C0F90B002531A9CB00951B05 /* FlightInformation.swift */,
				C0F90B022531AA8B00951B05 /* ProfileViewController.swift */,
				C0F90B042531AABC00951B05 /* InterestViewController.swift */,
				C0F90B132531DE1100951B05 /* HomeVC */,
				C0F90B0A2531AD7A00951B05 /* UserViewController.swift */,
				C0F90B1625320A7B00951B05 /* UserCell.swift */,
				C0F90B082531AD5400951B05 /* MessagingViewController.swift */,
				C0F90B0C2531B16700951B05 /* CodeFiles */,
				C0B4B574253164B400504970 /* Assets.xcassets */,
				C0B4B576253164B400504970 /* LaunchScreen.storyboard */,
				C0B4B579253164B400504970 /* Info.plist */,
			);
			path = "Flight Connect";
			sourceTree = "<group>";
		};
		C0F90AFF2531A89C00951B05 /* Authenthicate */ = {
			isa = PBXGroup;
			children = (
				C0F90AFD2531A86F00951B05 /* SignupViewController.swift */,
				C0B4B56F253164AD00504970 /* SigninViewController.swift */,
			);
			path = Authenthicate;
			sourceTree = "<group>";
		};
		C0F90B0C2531B16700951B05 /* CodeFiles */ = {
			isa = PBXGroup;
			children = (
				C0F90B0D2531CEE900951B05 /* Parser.swift */,
				C0F90B0F2531D2CD00951B05 /* Userfile.swift */,
			);
			path = CodeFiles;
			sourceTree = "<group>";
		};
		C0F90B132531DE1100951B05 /* HomeVC */ = {
			isa = PBXGroup;
			children = (
				C0F90B062531AD2200951B05 /* HomeViewController.swift */,
				C0F90B142531E23300951B05 /* InterestCell.swift */,
			);
			path = HomeVC;
			sourceTree = "<group>";
		};
/* End PBXGroup section */

/* Begin PBXNativeTarget section */
		C0B4B567253164AD00504970 /* Flight Connect */ = {
			isa = PBXNativeTarget;
			buildConfigurationList = C0B4B57C253164B400504970 /* Build configuration list for PBXNativeTarget "Flight Connect" */;
			buildPhases = (
				A11EDEC6834A52A16213D2C5 /* [CP] Check Pods Manifest.lock */,
				C0B4B564253164AD00504970 /* Sources */,
				C0B4B565253164AD00504970 /* Frameworks */,
				C0B4B566253164AD00504970 /* Resources */,
				554A0AF065A2DBF239B44879 /* [CP] Embed Pods Frameworks */,
			);
			buildRules = (
			);
			dependencies = (
			);
			name = "Flight Connect";
			productName = "Flight Connect";
			productReference = C0B4B568253164AD00504970 /* Flight Connect.app */;
			productType = "com.apple.product-type.application";
		};
/* End PBXNativeTarget section */

/* Begin PBXProject section */
		C0B4B560253164AD00504970 /* Project object */ = {
			isa = PBXProject;
			attributes = {
				LastSwiftUpdateCheck = 1170;
				LastUpgradeCheck = 1170;
				ORGANIZATIONNAME = "Dinaol Melak";
				TargetAttributes = {
					C0B4B567253164AD00504970 = {
						CreatedOnToolsVersion = 11.7;
					};
				};
			};
			buildConfigurationList = C0B4B563253164AD00504970 /* Build configuration list for PBXProject "Flight Connect" */;
			compatibilityVersion = "Xcode 9.3";
			developmentRegion = en;
			hasScannedForEncodings = 0;
			knownRegions = (
				en,
				Base,
			);
			mainGroup = C0B4B55F253164AD00504970;
			productRefGroup = C0B4B569253164AD00504970 /* Products */;
			projectDirPath = "";
			projectRoot = "";
			targets = (
				C0B4B567253164AD00504970 /* Flight Connect */,
			);
		};
/* End PBXProject section */

/* Begin PBXResourcesBuildPhase section */
		C0B4B566253164AD00504970 /* Resources */ = {
			isa = PBXResourcesBuildPhase;
			buildActionMask = 2147483647;
			files = (
				C0B4B578253164B400504970 /* LaunchScreen.storyboard in Resources */,
				C0B4B575253164B400504970 /* Assets.xcassets in Resources */,
				C0B4B573253164AD00504970 /* Main.storyboard in Resources */,
			);
			runOnlyForDeploymentPostprocessing = 0;
		};
/* End PBXResourcesBuildPhase section */

/* Begin PBXShellScriptBuildPhase section */
		554A0AF065A2DBF239B44879 /* [CP] Embed Pods Frameworks */ = {
			isa = PBXShellScriptBuildPhase;
			buildActionMask = 2147483647;
			files = (
			);
			inputFileListPaths = (
				"${PODS_ROOT}/Target Support Files/Pods-Flight Connect/Pods-Flight Connect-frameworks-${CONFIGURATION}-input-files.xcfilelist",
			);
			name = "[CP] Embed Pods Frameworks";
			outputFileListPaths = (
				"${PODS_ROOT}/Target Support Files/Pods-Flight Connect/Pods-Flight Connect-frameworks-${CONFIGURATION}-output-files.xcfilelist",
			);
			runOnlyForDeploymentPostprocessing = 0;
			shellPath = /bin/sh;
			shellScript = "\"${PODS_ROOT}/Target Support Files/Pods-Flight Connect/Pods-Flight Connect-frameworks.sh\"\n";
			showEnvVarsInLog = 0;
		};
		A11EDEC6834A52A16213D2C5 /* [CP] Check Pods Manifest.lock */ = {
			isa = PBXShellScriptBuildPhase;
			buildActionMask = 2147483647;
			files = (
			);
			inputFileListPaths = (
			);
			inputPaths = (
				"${PODS_PODFILE_DIR_PATH}/Podfile.lock",
				"${PODS_ROOT}/Manifest.lock",
			);
			name = "[CP] Check Pods Manifest.lock";
			outputFileListPaths = (
			);
			outputPaths = (
				"$(DERIVED_FILE_DIR)/Pods-Flight Connect-checkManifestLockResult.txt",
			);
			runOnlyForDeploymentPostprocessing = 0;
			shellPath = /bin/sh;
			shellScript = "diff \"${PODS_PODFILE_DIR_PATH}/Podfile.lock\" \"${PODS_ROOT}/Manifest.lock\" > /dev/null\nif [ $? != 0 ] ; then\n    # print error to STDERR\n    echo \"error: The sandbox is not in sync with the Podfile.lock. Run 'pod install' or update your CocoaPods installation.\" >&2\n    exit 1\nfi\n# This output is used by Xcode 'outputs' to avoid re-running this script phase.\necho \"SUCCESS\" > \"${SCRIPT_OUTPUT_FILE_0}\"\n";
			showEnvVarsInLog = 0;
		};
/* End PBXShellScriptBuildPhase section */

/* Begin PBXSourcesBuildPhase section */
		C0B4B564253164AD00504970 /* Sources */ = {
			isa = PBXSourcesBuildPhase;
			buildActionMask = 2147483647;
			files = (
				C0F90B032531AA8B00951B05 /* ProfileViewController.swift in Sources */,
				C0F90B0E2531CEE900951B05 /* Parser.swift in Sources */,
				C0F90B0B2531AD7A00951B05 /* UserViewController.swift in Sources */,
				C0B4B570253164AD00504970 /* SigninViewController.swift in Sources */,
				C0F90B092531AD5400951B05 /* MessagingViewController.swift in Sources */,
				C0F90B152531E23300951B05 /* InterestCell.swift in Sources */,
				C0F90B1725320A7B00951B05 /* UserCell.swift in Sources */,
				C0B4B56C253164AD00504970 /* AppDelegate.swift in Sources */,
				C0F90B072531AD2200951B05 /* HomeViewController.swift in Sources */,
				C0F90B012531A9CB00951B05 /* FlightInformation.swift in Sources */,
				C0F90B102531D2CD00951B05 /* Userfile.swift in Sources */,
				C0F90B052531AABC00951B05 /* InterestViewController.swift in Sources */,
				C0F90AFE2531A86F00951B05 /* SignupViewController.swift in Sources */,
				C0B4B56E253164AD00504970 /* SceneDelegate.swift in Sources */,
			);
			runOnlyForDeploymentPostprocessing = 0;
		};
/* End PBXSourcesBuildPhase section */

/* Begin PBXVariantGroup section */
		C0B4B571253164AD00504970 /* Main.storyboard */ = {
			isa = PBXVariantGroup;
			children = (
				C0B4B572253164AD00504970 /* Base */,
			);
			name = Main.storyboard;
			sourceTree = "<group>";
		};
		C0B4B576253164B400504970 /* LaunchScreen.storyboard */ = {
			isa = PBXVariantGroup;
			children = (
				C0B4B577253164B400504970 /* Base */,
			);
			name = LaunchScreen.storyboard;
			sourceTree = "<group>";
		};
/* End PBXVariantGroup section */

/* Begin XCBuildConfiguration section */
		C0B4B57A253164B400504970 /* Debug */ = {
			isa = XCBuildConfiguration;
			buildSettings = {
				ALWAYS_SEARCH_USER_PATHS = NO;
				CLANG_ANALYZER_NONNULL = YES;
				CLANG_ANALYZER_NUMBER_OBJECT_CONVERSION = YES_AGGRESSIVE;
				CLANG_CXX_LANGUAGE_STANDARD = "gnu++14";
				CLANG_CXX_LIBRARY = "libc++";
				CLANG_ENABLE_MODULES = YES;
				CLANG_ENABLE_OBJC_ARC = YES;
				CLANG_ENABLE_OBJC_WEAK = YES;
				CLANG_WARN_BLOCK_CAPTURE_AUTORELEASING = YES;
				CLANG_WARN_BOOL_CONVERSION = YES;
				CLANG_WARN_COMMA = YES;
				CLANG_WARN_CONSTANT_CONVERSION = YES;
				CLANG_WARN_DEPRECATED_OBJC_IMPLEMENTATIONS = YES;
				CLANG_WARN_DIRECT_OBJC_ISA_USAGE = YES_ERROR;
				CLANG_WARN_DOCUMENTATION_COMMENTS = YES;
				CLANG_WARN_EMPTY_BODY = YES;
				CLANG_WARN_ENUM_CONVERSION = YES;
				CLANG_WARN_INFINITE_RECURSION = YES;
				CLANG_WARN_INT_CONVERSION = YES;
				CLANG_WARN_NON_LITERAL_NULL_CONVERSION = YES;
				CLANG_WARN_OBJC_IMPLICIT_RETAIN_SELF = YES;
				CLANG_WARN_OBJC_LITERAL_CONVERSION = YES;
				CLANG_WARN_OBJC_ROOT_CLASS = YES_ERROR;
				CLANG_WARN_RANGE_LOOP_ANALYSIS = YES;
				CLANG_WARN_STRICT_PROTOTYPES = YES;
				CLANG_WARN_SUSPICIOUS_MOVE = YES;
				CLANG_WARN_UNGUARDED_AVAILABILITY = YES_AGGRESSIVE;
				CLANG_WARN_UNREACHABLE_CODE = YES;
				CLANG_WARN__DUPLICATE_METHOD_MATCH = YES;
				COPY_PHASE_STRIP = NO;
				DEBUG_INFORMATION_FORMAT = dwarf;
				ENABLE_STRICT_OBJC_MSGSEND = YES;
				ENABLE_TESTABILITY = YES;
				GCC_C_LANGUAGE_STANDARD = gnu11;
				GCC_DYNAMIC_NO_PIC = NO;
				GCC_NO_COMMON_BLOCKS = YES;
				GCC_OPTIMIZATION_LEVEL = 0;
				GCC_PREPROCESSOR_DEFINITIONS = (
					"DEBUG=1",
					"$(inherited)",
				);
				GCC_WARN_64_TO_32_BIT_CONVERSION = YES;
				GCC_WARN_ABOUT_RETURN_TYPE = YES_ERROR;
				GCC_WARN_UNDECLARED_SELECTOR = YES;
				GCC_WARN_UNINITIALIZED_AUTOS = YES_AGGRESSIVE;
				GCC_WARN_UNUSED_FUNCTION = YES;
				GCC_WARN_UNUSED_VARIABLE = YES;
				IPHONEOS_DEPLOYMENT_TARGET = 13.7;
				MTL_ENABLE_DEBUG_INFO = INCLUDE_SOURCE;
				MTL_FAST_MATH = YES;
				ONLY_ACTIVE_ARCH = YES;
				SDKROOT = iphoneos;
				SWIFT_ACTIVE_COMPILATION_CONDITIONS = DEBUG;
				SWIFT_OPTIMIZATION_LEVEL = "-Onone";
			};
			name = Debug;
		};
		C0B4B57B253164B400504970 /* Release */ = {
			isa = XCBuildConfiguration;
			buildSettings = {
				ALWAYS_SEARCH_USER_PATHS = NO;
				CLANG_ANALYZER_NONNULL = YES;
				CLANG_ANALYZER_NUMBER_OBJECT_CONVERSION = YES_AGGRESSIVE;
				CLANG_CXX_LANGUAGE_STANDARD = "gnu++14";
				CLANG_CXX_LIBRARY = "libc++";
				CLANG_ENABLE_MODULES = YES;
				CLANG_ENABLE_OBJC_ARC = YES;
				CLANG_ENABLE_OBJC_WEAK = YES;
				CLANG_WARN_BLOCK_CAPTURE_AUTORELEASING = YES;
				CLANG_WARN_BOOL_CONVERSION = YES;
				CLANG_WARN_COMMA = YES;
				CLANG_WARN_CONSTANT_CONVERSION = YES;
				CLANG_WARN_DEPRECATED_OBJC_IMPLEMENTATIONS = YES;
				CLANG_WARN_DIRECT_OBJC_ISA_USAGE = YES_ERROR;
				CLANG_WARN_DOCUMENTATION_COMMENTS = YES;
				CLANG_WARN_EMPTY_BODY = YES;
				CLANG_WARN_ENUM_CONVERSION = YES;
				CLANG_WARN_INFINITE_RECURSION = YES;
				CLANG_WARN_INT_CONVERSION = YES;
				CLANG_WARN_NON_LITERAL_NULL_CONVERSION = YES;
				CLANG_WARN_OBJC_IMPLICIT_RETAIN_SELF = YES;
				CLANG_WARN_OBJC_LITERAL_CONVERSION = YES;
				CLANG_WARN_OBJC_ROOT_CLASS = YES_ERROR;
				CLANG_WARN_RANGE_LOOP_ANALYSIS = YES;
				CLANG_WARN_STRICT_PROTOTYPES = YES;
				CLANG_WARN_SUSPICIOUS_MOVE = YES;
				CLANG_WARN_UNGUARDED_AVAILABILITY = YES_AGGRESSIVE;
				CLANG_WARN_UNREACHABLE_CODE = YES;
				CLANG_WARN__DUPLICATE_METHOD_MATCH = YES;
				COPY_PHASE_STRIP = NO;
				DEBUG_INFORMATION_FORMAT = "dwarf-with-dsym";
				ENABLE_NS_ASSERTIONS = NO;
				ENABLE_STRICT_OBJC_MSGSEND = YES;
				GCC_C_LANGUAGE_STANDARD = gnu11;
				GCC_NO_COMMON_BLOCKS = YES;
				GCC_WARN_64_TO_32_BIT_CONVERSION = YES;
				GCC_WARN_ABOUT_RETURN_TYPE = YES_ERROR;
				GCC_WARN_UNDECLARED_SELECTOR = YES;
				GCC_WARN_UNINITIALIZED_AUTOS = YES_AGGRESSIVE;
				GCC_WARN_UNUSED_FUNCTION = YES;
				GCC_WARN_UNUSED_VARIABLE = YES;
				IPHONEOS_DEPLOYMENT_TARGET = 13.7;
				MTL_ENABLE_DEBUG_INFO = NO;
				MTL_FAST_MATH = YES;
				SDKROOT = iphoneos;
				SWIFT_COMPILATION_MODE = wholemodule;
				SWIFT_OPTIMIZATION_LEVEL = "-O";
				VALIDATE_PRODUCT = YES;
			};
			name = Release;
		};
		C0B4B57D253164B400504970 /* Debug */ = {
			isa = XCBuildConfiguration;
			baseConfigurationReference = C484CDBB72A984C35B7BF8EE /* Pods-Flight Connect.debug.xcconfig */;
			buildSettings = {
				ASSETCATALOG_COMPILER_APPICON_NAME = AppIcon;
				CODE_SIGN_STYLE = Automatic;
				DEVELOPMENT_TEAM = 8ANT6T3S86;
				INFOPLIST_FILE = "Flight Connect/Info.plist";
				LD_RUNPATH_SEARCH_PATHS = (
					"$(inherited)",
					"@executable_path/Frameworks",
				);
				PRODUCT_BUNDLE_IDENTIFIER = "com.dinaolmelak.Flight-Connect";
				PRODUCT_NAME = "$(TARGET_NAME)";
				SWIFT_VERSION = 5.0;
				TARGETED_DEVICE_FAMILY = "1,2";
			};
			name = Debug;
		};
		C0B4B57E253164B400504970 /* Release */ = {
			isa = XCBuildConfiguration;
			baseConfigurationReference = 2A729700C3CB5827C2A8A8F8 /* Pods-Flight Connect.release.xcconfig */;
			buildSettings = {
				ASSETCATALOG_COMPILER_APPICON_NAME = AppIcon;
				CODE_SIGN_STYLE = Automatic;
				DEVELOPMENT_TEAM = 8ANT6T3S86;
				INFOPLIST_FILE = "Flight Connect/Info.plist";
				LD_RUNPATH_SEARCH_PATHS = (
					"$(inherited)",
					"@executable_path/Frameworks",
				);
				PRODUCT_BUNDLE_IDENTIFIER = "com.dinaolmelak.Flight-Connect";
				PRODUCT_NAME = "$(TARGET_NAME)";
				SWIFT_VERSION = 5.0;
				TARGETED_DEVICE_FAMILY = "1,2";
			};
			name = Release;
		};
/* End XCBuildConfiguration section */

/* Begin XCConfigurationList section */
		C0B4B563253164AD00504970 /* Build configuration list for PBXProject "Flight Connect" */ = {
			isa = XCConfigurationList;
			buildConfigurations = (
				C0B4B57A253164B400504970 /* Debug */,
				C0B4B57B253164B400504970 /* Release */,
			);
			defaultConfigurationIsVisible = 0;
			defaultConfigurationName = Release;
		};
		C0B4B57C253164B400504970 /* Build configuration list for PBXNativeTarget "Flight Connect" */ = {
			isa = XCConfigurationList;
			buildConfigurations = (
				C0B4B57D253164B400504970 /* Debug */,
				C0B4B57E253164B400504970 /* Release */,
			);
			defaultConfigurationIsVisible = 0;
			defaultConfigurationName = Release;
		};
/* End XCConfigurationList section */
	};
	rootObject = C0B4B560253164AD00504970 /* Project object */;
}
